<?xml version="1.0" encoding="UTF-8"?>
<Scheme
   LastUpgradeVersion = "0720"
   version = "1.3">
   <BuildAction
      parallelizeBuildables = "YES"
      buildImplicitDependencies = "YES">
      <BuildActionEntries>
         <BuildActionEntry
            buildForTesting = "YES"
            buildForRunning = "YES"
            buildForProfiling = "YES"
            buildForArchiving = "YES"
            buildForAnalyzing = "YES">
            <BuildableReference
               BuildableIdentifier = "primary"
               BlueprintIdentifier = "1458E22A1CF2FEEC00E6E2A8"
               BuildableName = "Swift&#x548c;OC&#x6df7;&#x7f16;.app"
               BlueprintName = "Swift&#x548c;OC&#x6df7;&#x7f16;"
               ReferencedContainer = "container:Swift&#x548c;OC&#x6df7;&#x7f16;.xcodeproj">
            </BuildableReference>
         </BuildActionEntry>
      </BuildActionEntries>
   </BuildAction>
   <TestAction
      buildConfiguration = "Debug"
      selectedDebuggerIdentifier = "Xcode.DebuggerFoundation.Debugger.LLDB"
      selectedLauncherIdentifier = "Xcode.DebuggerFoundation.Launcher.LLDB"
      shouldUseLaunchSchemeArgsEnv = "YES">
      <Testables>
         <TestableReference
            skipped = "NO">
            <BuildableReference
               BuildableIdentifier = "primary"
               BlueprintIdentifier = "1458E23E1CF2FEEC00E6E2A8"
               BuildableName = "Swift&#x548c;OC&#x6df7;&#x7f16;Tests.xctest"
               BlueprintName = "Swift&#x548c;OC&#x6df7;&#x7f16;Tests"
               ReferencedContainer = "container:Swift&#x548c;OC&#x6df7;&#x7f16;.xcodeproj">
            </BuildableReference>
         </TestableReference>
         <TestableReference
            skipped = "NO">
            <BuildableReference
               BuildableIdentifier = "primary"
               BlueprintIdentifier = "1458E2491CF2FEEC00E6E2A8"
               BuildableName = "Swift&#x548c;OC&#x6df7;&#x7f16;UITests.xctest"
               BlueprintName = "Swift&#x548c;OC&#x6df7;&#x7f16;UITests"
               ReferencedContainer = "container:Swift&#x548c;OC&#x6df7;&#x7f16;.xcodeproj">
            </BuildableReference>
         </TestableReference>
      </Testables>
      <MacroExpansion>
         <BuildableReference
            BuildableIdentifier = "primary"
            BlueprintIdentifier = "1458E22A1CF2FEEC00E6E2A8"
            BuildableName = "Swift&#x548c;OC&#x6df7;&#x7f16;.app"
            BlueprintName = "Swift&#x548c;OC&#x6df7;&#x7f16;"
            ReferencedContainer = "container:Swift&#x548c;OC&#x6df7;&#x7f16;.xcodeproj">
         </BuildableReference>
      </MacroExpansion>
      <AdditionalOptions>
      </AdditionalOptions>
   </TestAction>
   <LaunchAction
      buildConfiguration = "Debug"
      selectedDebuggerIdentifier = "Xcode.DebuggerFoundation.Debugger.LLDB"
      selectedLauncherIdentifier = "Xcode.DebuggerFoundation.Launcher.LLDB"
      launchStyle = "0"
      useCustomWorkingDirectory = "NO"
      ignoresPersistentStateOnLaunch = "NO"
      debugDocumentVersioning = "YES"
      debugServiceExtension = "internal"
      allowLocationSimulation = "YES">
      <BuildableProductRunnable
         runnableDebuggingMode = "0">
         <BuildableReference
            BuildableIdentifier = "primary"
            BlueprintIdentifier = "1458E22A1CF2FEEC00E6E2A8"
            BuildableName = "Swift&#x548c;OC&#x6df7;&#x7f16;.app"
            BlueprintName = "Swift&#x548c;OC&#x6df7;&#x7f16;"
            ReferencedContainer = "container:Swift&#x548c;OC&#x6df7;&#x7f16;.xcodeproj">
         </BuildableReference>
      </BuildableProductRunnable>
      <AdditionalOptions>
      </AdditionalOptions>
   </LaunchAction>
   <ProfileAction
      buildConfiguration = "Release"
      shouldUseLaunchSchemeArgsEnv = "YES"
      savedToolIdentifier = ""
      useCustomWorkingDirectory = "NO"
      debugDocumentVersioning = "YES">
      <BuildableProductRunnable
         runnableDebuggingMode = "0">
         <BuildableReference
            BuildableIdentifier = "primary"
            BlueprintIdentifier = "1458E22A1CF2FEEC00E6E2A8"
            BuildableName = "Swift&#x548c;OC&#x6df7;&#x7f16;.app"
            BlueprintName = "Swift&#x548c;OC&#x6df7;&#x7f16;"
            ReferencedContainer = "container:Swift&#x548c;OC&#x6df7;&#x7f16;.xcodeproj">
         </BuildableReference>
      </BuildableProductRunnable>
   </ProfileAction>
   <AnalyzeAction
      buildConfiguration = "Debug">
   </AnalyzeAction>
   <ArchiveAction
      buildConfiguration = "Release"
      revealArchiveInOrganizer = "YES">
   </ArchiveAction>
</Scheme>
